version = 1
revision = 3
requires-python = "==3.10.*"

[[package]]
name = "asgiref"
version = "3.11.1"
source = { registry = "https://pypi.org/simple" }
dependencies = [
    { name = "typing-extensions" },
]
sdist = { url = "https://files.pythonhosted.org/packages/63/40/f03da1264ae8f7cfdbf9146542e5e7e8100a4c66ab48e791df9a03d3f6c0/asgiref-3.11.1.tar.gz", hash = "sha256:5f184dc43b7e763efe848065441eac62229c9f7b0475f41f80e207a114eda4ce", size = 38550, upload-time = "2026-02-03T13:30:14.33Z" }
wheels = [
    { url = "https://files.pythonhosted.org/packages/5c/0a/a72d10ed65068e115044937873362e6e32fab1b7dce0046aeb224682c989/asgiref-3.11.1-py3-none-any.whl", hash = "sha256:e8667a091e69529631969fd45dc268fa79b99c92c5fcdda727757e52146ec133", size = 24345, upload-time = "2026-02-03T13:30:13.039Z" },
]

[[package]]
name = "attrs"
version = "26.1.0"
source = { registry = "https://pypi.org/simple" }
sdist = { url = "https://files.pythonhosted.org/packages/9a/8e/82a0fe20a541c03148528be8cac2408564a6c9a0cc7e9171802bc1d26985/attrs-26.1.0.tar.gz", hash = "sha256:d03ceb89cb322a8fd706d4fb91940737b6642aa36998fe130a9bc96c985eff32", size = 952055, upload-time = "2026-03-19T14:22:25.026Z" }
wheels = [
    { url = "https://files.pythonhosted.org/packages/64/b4/17d4b0b2a2dc85a6df63d1157e028ed19f90d4cd97c36717afef2bc2f395/attrs-26.1.0-py3-none-any.whl", hash = "sha256:c647aa4a12dfbad9333ca4e71fe62ddc36f4e63b2d260a37a8b83d2f043ac309", size = 67548, upload-time = "2026-03-19T14:22:23.645Z" },
]

[[package]]
name = "babel"
version = "2.18.0"
source = { registry = "https://pypi.org/simple" }
sdist = { url = "https://files.pythonhosted.org/packages/7d/b2/51899539b6ceeeb420d40ed3cd4b7a40519404f9baf3d4ac99dc413a834b/babel-2.18.0.tar.gz", hash = "sha256:b80b99a14bd085fcacfa15c9165f651fbb3406e66cc603abf11c5750937c992d", size = 9959554, upload-time = "2026-02-01T12:30:56.078Z" }
wheels = [
    { url = "https://files.pythonhosted.org/packages/77/f5/21d2de20e8b8b0408f0681956ca2c69f1320a3848ac50e6e7f39c6159675/babel-2.18.0-py3-none-any.whl", hash = "sha256:e2b422b277c2b9a9630c1d7903c2a00d0830c409c59ac8cae9081c92f1aeba35", size = 10196845, upload-time = "2026-02-01T12:30:53.445Z" },
]

[[package]]
name = "beautifulsoup4"
version = "4.14.3"
source = { registry = "https://pypi.org/simple" }
dependencies = [
    { name = "soupsieve" },
    { name = "typing-extensions" },
]
sdist = { url = "https://files.pythonhosted.org/packages/c3/b0/1c6a16426d389813b48d95e26898aff79abbde42ad353958ad95cc8c9b21/beautifulsoup4-4.14.3.tar.gz", hash = "sha256:6292b1c5186d356bba669ef9f7f051757099565ad9ada5dd630bd9de5fa7fb86", size = 627737, upload-time = "2025-11-30T15:08:26.084Z" }
wheels = [
    { url = "https://files.pythonhosted.org/packages/1a/39/47f9197bdd44df24d67ac8893641e16f386c984a0619ef2ee4c51fbbc019/beautifulsoup4-4.14.3-py3-none-any.whl", hash = "sha256:0918bfe44902e6ad8d57732ba310582e98da931428d231a5ecb9e7c703a735bb", size = 107721, upload-time = "2025-11-30T15:08:24.087Z" },
]

[[package]]
name = "comais-backend"
version = "0.1.0"
source = { virtual = "." }
dependencies = [
    { name = "django" },
    { name = "django-cors-headers" },
    { name = "django-filter" },
    { name = "django-reset-migrations" },
    { name = "django-tinymce" },
    { name = "djangorestframework" },
    { name = "docxtpl" },
    { name = "drf-spectacular" },
    { name = "html2markdown" },
    { name = "mysqlclient" },
    { name = "pillow" },
    { name = "python-dotenv" },
]

[package.metadata]
requires-dist = [
    { name = "django", specifier = "==4.1.1" },
    { name = "django-cors-headers", specifier = ">=4.5.0" },
    { name = "django-filter", specifier = ">=23.5" },
    { name = "django-reset-migrations", specifier = "==0.4.0" },
    { name = "django-tinymce", specifier = "==3.5.0" },
    { name = "djangorestframework", specifier = ">=3.15.1" },
    { name = "docxtpl", specifier = "==0.16.4" },
    { name = "drf-spectacular", specifier = ">=0.29.0" },
    { name = "html2markdown", specifier = "==0.1.7" },
    { name = "mysqlclient", specifier = "==2.1.1" },
    { name = "pillow", specifier = "==9.2.0" },
    { name = "python-dotenv", specifier = ">=1.2.2" },
]

[[package]]
name = "django"
version = "4.1.1"
source = { registry = "https://pypi.org/simple" }
dependencies = [
    { name = "asgiref" },
    { name = "sqlparse" },
    { name = "tzdata", marker = "sys_platform == 'win32'" },
]
sdist = { url = "https://files.pythonhosted.org/packages/ca/78/49ac0899f74c485acbf96bc8a5ea6a87575edb06faa9911057cacd505ba9/Django-4.1.1.tar.gz", hash = "sha256:a153ffd5143bf26a877bfae2f4ec736ebd8924a46600ca089ad96b54a1d4e28e", size = 10474304, upload-time = "2022-09-05T05:02:34.094Z" }
wheels = [
    { url = "https://files.pythonhosted.org/packages/80/5c/884f9fed747679a1f70321465e664f3dc1602e8b7a6e96a21163894018b3/Django-4.1.1-py3-none-any.whl", hash = "sha256:acb21fac9275f9972d81c7caf5761a89ec3ea25fe74545dd26b8a48cb3a0203e", size = 8094775, upload-time = "2022-09-05T05:02:26.425Z" },
]

[[package]]
name = "django-cors-headers"
version = "4.5.0"
source = { registry = "https://pypi.org/simple" }
dependencies = [
    { name = "asgiref" },
    { name = "django" },
]
sdist = { url = "https://files.pythonhosted.org/packages/81/6f/587a21407d6bf752e28fcd9694340e4e5e488e71714d577c7dfc72727ae5/django_cors_headers-4.5.0.tar.gz", hash = "sha256:6c01a85cf1ec779a7bde621db853aa3ce5c065a5ba8e27df7a9f9e8dac310f4f", size = 21023, upload-time = "2024-10-12T07:37:33.156Z" }
wheels = [
    { url = "https://files.pythonhosted.org/packages/60/3e/76449025605d5cb04ce855f6cf8eb3f9064419956a32316bf8b01f0f77da/django_cors_headers-4.5.0-py3-none-any.whl", hash = "sha256:28c1ded847aa70208798de3e42422a782f427b8b720e8d7319d34b654b5978e6", size = 12800, upload-time = "2024-10-12T07:37:31.44Z" },
]

[[package]]
name = "django-filter"
version = "23.5"
source = { registry = "https://pypi.org/simple" }
dependencies = [
    { name = "django" },
]
sdist = { url = "https://files.pythonhosted.org/packages/1c/ce/e874b30a66684e3e79b183b0197dd3d08f842a8674972e47a90c09a6ec9c/django-filter-23.5.tar.gz", hash = "sha256:67583aa43b91fe8c49f74a832d95f4d8442be628fd4c6d65e9f811f5153a4e5c", size = 141058, upload-time = "2023-12-05T08:15:31.888Z" }
wheels = [
    { url = "https://files.pythonhosted.org/packages/79/ff/4ae79361e09c3803562368700bc56672cca37bab7c1a8a91e7a225ce8fa0/django_filter-23.5-py3-none-any.whl", hash = "sha256:99122a201d83860aef4fe77758b69dda913e874cc5e0eaa50a86b0b18d708400", size = 94402, upload-time = "2023-12-05T08:15:29.191Z" },
]

[[package]]
name = "django-reset-migrations"
version = "0.4.0"
source = { registry = "https://pypi.org/simple" }
dependencies = [
    { name = "django" },
]
wheels = [
    { url = "https://files.pythonhosted.org/packages/23/11/97257821445ec2d8553f1bc3ba696c00f570d717b7cda77fd70d0e4188f8/django_reset_migrations-0.4.0-py3-none-any.whl", hash = "sha256:902921c626a7d2c3348330b8afd8336ab46e4137165027817d5c2aeac884274d", size = 7972, upload-time = "2020-01-09T13:01:53.87Z" },
]

[[package]]
name = "django-tinymce"
version = "3.5.0"
source = { registry = "https://pypi.org/simple" }
sdist = { url = "https://files.pythonhosted.org/packages/da/b6/fa97e3ace31f9af8b050705610991744a53bf329804b2c6fd1180e75ab83/django-tinymce-3.5.0.tar.gz", hash = "sha256:ebe7e39e080415a0d4ca339f0f159754a7cc1dc7cd5276f32f9d3db3220134f8", size = 960577, upload-time = "2022-08-27T08:32:47.704Z" }
wheels = [
    { url = "https://files.pythonhosted.org/packages/39/46/6b795c0f5e32be47bf0ef8d34fadc03b2fe2dd3d9c94afd8ceb238d3b07b/django_tinymce-3.5.0-py3-none-any.whl", hash = "sha256:f9d3758670ad55912cbabdd41a14e0b6cfda47868f9c6d92a4480ca320356d53", size = 1125265, upload-time = "2022-08-27T08:31:52.867Z" },
]

[[package]]
name = "djangorestframework"
version = "3.15.1"
source = { registry = "https://pypi.org/simple" }
dependencies = [
    { name = "django" },
]
sdist = { url = "https://files.pythonhosted.org/packages/ec/60/cc2dd985400293fe7bf3fa1b9a5d61f5b44200c33f7d31952f2c9fd79e8a/djangorestframework-3.15.1.tar.gz", hash = "sha256:f88fad74183dfc7144b2756d0d2ac716ea5b4c7c9840995ac3bfd8ec034333c1", size = 1066194, upload-time = "2024-03-22T15:50:51.875Z" }
wheels = [
    { url = "https://files.pythonhosted.org/packages/c0/7e/8c45ea7f85dd5d52ceddbacc6f56ecaca21ecbfc0e8c34c95618a14d5082/djangorestframework-3.15.1-py3-none-any.whl", hash = "sha256:3ccc0475bce968608cf30d07fb17d8e52d1d7fc8bfe779c905463200750cbca6", size = 1067096, upload-time = "2024-03-22T15:50:48.759Z" },
]

[[package]]
name = "docxcompose"
version = "2.1.0"
source = { registry = "https://pypi.org/simple" }
dependencies = [
    { name = "babel" },
    { name = "lxml" },
    { name = "python-docx" },
]
sdist = { url = "https://files.pythonhosted.org/packages/d3/c7/4c1473b012da40ad58aa67a050e7350e95aa8f18a3e0ffc8b8e8e69ac6c1/docxcompose-2.1.0.tar.gz", hash = "sha256:2b19c3fa0a75905832c6518c302ab3a1fd4d41bf5aa58ad677fc83e4052ad7c0", size = 19572, upload-time = "2026-03-19T06:57:48.617Z" }
wheels = [
    { url = "https://files.pythonhosted.org/packages/89/53/90824863ad89e267aadaef28a3a083b2cc7ddd5a0d8e7981cc89c2342c50/docxcompose-2.1.0-py3-none-any.whl", hash = "sha256:c8dbff4b7a24349b7766a474dae47930aba39379ba5ac57c6cf8d07c20d67581", size = 23610, upload-time = "2026-03-19T06:57:47.548Z" },
]

[[package]]
name = "docxtpl"
version = "0.16.4"
source = { registry = "https://pypi.org/simple" }
dependencies = [
    { name = "docxcompose" },
    { name = "jinja2" },
    { name = "lxml" },
    { name = "python-docx" },
    { name = "six" },
]
sdist = { url = "https://files.pythonhosted.org/packages/05/e7/62349c72b865d1d713285a13fabd98d5bac546126842c80d098c66c7e553/docxtpl-0.16.4.tar.gz", hash = "sha256:ffaa08b76a01577e22eef731553c55d3048fe96cc2dc99950e6448e68922cb2e", size = 29589, upload-time = "2022-08-05T09:27:30.183Z" }
wheels = [
    { url = "https://files.pythonhosted.org/packages/00/0f/b184ed249081cb63de1ddbce0e157e7b625b76bd1b898344bdaeda06c6ad/docxtpl-0.16.4-py2.py3-none-any.whl", hash = "sha256:a823396053cf49fb9ed2ca2b75c2f3da9f87496eac4fdc6f1d1ba830b543402d", size = 28277, upload-time = "2022-08-05T09:27:28.181Z" },
]

[[package]]
name = "drf-spectacular"
version = "0.29.0"
source = { registry = "https://pypi.org/simple" }
dependencies = [
    { name = "django" },
    { name = "djangorestframework" },
    { name = "inflection" },
    { name = "jsonschema" },
    { name = "pyyaml" },
    { name = "uritemplate" },
]
sdist = { url = "https://files.pythonhosted.org/packages/5e/0e/a4f50d83e76cbe797eda88fc0083c8ca970cfa362b5586359ef06ec6f70a/drf_spectacular-0.29.0.tar.gz", hash = "sha256:0a069339ea390ce7f14a75e8b5af4a0860a46e833fd4af027411a3e94fc1a0cc", size = 241722, upload-time = "2025-11-02T03:40:26.348Z" }
wheels = [
    { url = "https://files.pythonhosted.org/packages/32/d9/502c56fc3ca960075d00956283f1c44e8cafe433dada03f9ed2821f3073b/drf_spectacular-0.29.0-py3-none-any.whl", hash = "sha256:d1ee7c9535d89848affb4427347f7c4a22c5d22530b8842ef133d7b72e19b41a", size = 105433, upload-time = "2025-11-02T03:40:24.823Z" },
]

[[package]]
name = "html2markdown"
version = "0.1.7"
source = { registry = "https://pypi.org/simple" }
dependencies = [
    { name = "beautifulsoup4" },
]
sdist = { url = "https://files.pythonhosted.org/packages/ba/05/666b8105c1c45ee05fcbcb210176c73638710e402b99c5968c5dfdf3c67d/html2markdown-0.1.7.tar.gz", hash = "sha256:92baf932c7f216be6d9459a191d45b6401e204bda7a5413febafa875512cfa8c", size = 5253, upload-time = "2019-02-09T00:04:01.195Z" }

[[package]]
name = "inflection"
version = "0.5.1"
source = { registry = "https://pypi.org/simple" }
sdist = { url = "https://files.pythonhosted.org/packages/e1/7e/691d061b7329bc8d54edbf0ec22fbfb2afe61facb681f9aaa9bff7a27d04/inflection-0.5.1.tar.gz", hash = "sha256:1a29730d366e996aaacffb2f1f1cb9593dc38e2ddd30c91250c6dde09ea9b417", size = 15091, upload-time = "2020-08-22T08:16:29.139Z" }
wheels = [
    { url = "https://files.pythonhosted.org/packages/59/91/aa6bde563e0085a02a435aa99b49ef75b0a4b062635e606dab23ce18d720/inflection-0.5.1-py2.py3-none-any.whl", hash = "sha256:f38b2b640938a4f35ade69ac3d053042959b62a0f1076a5bbaa1b9526605a8a2", size = 9454, upload-time = "2020-08-22T08:16:27.816Z" },
]

[[package]]
name = "jinja2"
version = "3.1.6"
source = { registry = "https://pypi.org/simple" }
dependencies = [
    { name = "markupsafe" },
]
sdist = { url = "https://files.pythonhosted.org/packages/df/bf/f7da0350254c0ed7c72f3e33cef02e048281fec7ecec5f032d4aac52226b/jinja2-3.1.6.tar.gz", hash = "sha256:0137fb05990d35f1275a587e9aee6d56da821fc83491a0fb838183be43f66d6d", size = 245115, upload-time = "2025-03-05T20:05:02.478Z" }
wheels = [
    { url = "https://files.pythonhosted.org/packages/62/a1/3d680cbfd5f4b8f15abc1d571870c5fc3e594bb582bc3b64ea099db13e56/jinja2-3.1.6-py3-none-any.whl", hash = "sha256:85ece4451f492d0c13c5dd7c13a64681a86afae63a5f347908daf103ce6d2f67", size = 134899, upload-time = "2025-03-05T20:05:00.369Z" },
]

[[package]]
name = "jsonschema"
version = "4.26.0"
source = { registry = "https://pypi.org/simple" }
dependencies = [
    { name = "attrs" },
    { name = "jsonschema-specifications" },
    { name = "referencing" },
    { name = "rpds-py" },
]
sdist = { url = "https://files.pythonhosted.org/packages/b3/fc/e067678238fa451312d4c62bf6e6cf5ec56375422aee02f9cb5f909b3047/jsonschema-4.26.0.tar.gz", hash = "sha256:0c26707e2efad8aa1bfc5b7ce170f3fccc2e4918ff85989ba9ffa9facb2be326", size = 366583, upload-time = "2026-01-07T13:41:07.246Z" }
wheels = [
    { url = "https://files.pythonhosted.org/packages/69/90/f63fb5873511e014207a475e2bb4e8b2e570d655b00ac19a9a0ca0a385ee/jsonschema-4.26.0-py3-none-any.whl", hash = "sha256:d489f15263b8d200f8387e64b4c3a75f06629559fb73deb8fdfb525f2dab50ce", size = 90630, upload-time = "2026-01-07T13:41:05.306Z" },
]

[[package]]
name = "jsonschema-specifications"
version = "2025.9.1"
source = { registry = "https://pypi.org/simple" }
dependencies = [
    { name = "referencing" },
]
sdist = { url = "https://files.pythonhosted.org/packages/19/74/a633ee74eb36c44aa6d1095e7cc5569bebf04342ee146178e2d36600708b/jsonschema_specifications-2025.9.1.tar.gz", hash = "sha256:b540987f239e745613c7a9176f3edb72b832a4ac465cf02712288397832b5e8d", size = 32855, upload-time = "2025-09-08T01:34:59.186Z" }
wheels = [
    { url = "https://files.pythonhosted.org/packages/41/45/1a4ed80516f02155c51f51e8cedb3c1902296743db0bbc66608a0db2814f/jsonschema_specifications-2025.9.1-py3-none-any.whl", hash = "sha256:98802fee3a11ee76ecaca44429fda8a41bff98b00a0f2838151b113f210cc6fe", size = 18437, upload-time = "2025-09-08T01:34:57.871Z" },
]

[[package]]
name = "lxml"
version = "6.1.1"
source = { registry = "https://pypi.org/simple" }
sdist = { url = "https://files.pythonhosted.org/packages/05/3b/aab6728cae887456f409b4d75e8a01856e4f04bd510de38052a47768b680/lxml-6.1.1.tar.gz", hash = "sha256:ba96ae44888e0185281e937633a743ea90d5a196c6000f82565ebb0580012d40", size = 4197430, upload-time = "2026-05-18T19:19:06.424Z" }
wheels = [
    { url = "https://files.pythonhosted.org/packages/12/da/dbe4dfc01ac226fb0504fad035f4d69f3202f3502e20e68537631daddd96/lxml-6.1.1-cp310-cp310-macosx_10_9_universal2.whl", hash = "sha256:09dd5b7075dc2f7709654a46543ba1ea3c2e217b2ed8fbd413a8a945a0f40f60", size = 8541124, upload-time = "2026-05-18T19:17:11.589Z" },
    { url = "https://files.pythonhosted.org/packages/78/20/f7095ed9fc2c025f9cfe71cc6ec9f1feb05624edc1812423b5f1aecf3d4b/lxml-6.1.1-cp310-cp310-macosx_10_9_x86_64.whl", hash = "sha256:f6ac4ef4d82dff54670227a69c67782ae0b811b5cf6b17954f1e8f7502fc0d1d", size = 4602783, upload-time = "2026-05-18T19:17:20.888Z" },
    { url = "https://files.pythonhosted.org/packages/4a/a4/65c63ca98bd129f6cff7b8c2fa48953ab058cc6005b541354e7dd54d8000/lxml-6.1.1-cp310-cp310-manylinux2014_aarch64.manylinux_2_17_aarch64.whl", hash = "sha256:556e94a63c9b04716f8e4de2abb65775061f846e89331b6c5be79183a24f98ea", size = 5002687, upload-time = "2026-05-18T19:17:01.738Z" },
    { url = "https://files.pythonhosted.org/packages/96/1d/ab7a5c4b5a394d98a94e2d0fc67bab8297597426770dd4978370fbdaf531/lxml-6.1.1-cp310-cp310-manylinux2014_x86_64.manylinux_2_17_x86_64.whl", hash = "sha256:5c6bf403fbb3b3e348a561a5f4f0b9961835657981c802a1df03653eef8a9074", size = 5155099, upload-time = "2026-05-18T19:17:05.159Z" },
    { url = "https://files.pythonhosted.org/packages/d0/b1/07603bfeeb891a2596d5c2a68f7d2f70f7d11c841ebe391412c69c2857b0/lxml-6.1.1-cp310-cp310-manylinux_2_26_aarch64.manylinux_2_28_aarch64.whl", hash = "sha256:1dde6131244bba38a17c745836ba190bc753fd73c9291666287fd0a3fa3dcf30", size = 5057225, upload-time = "2026-05-18T19:17:08.117Z" },
    { url = "https://files.pythonhosted.org/packages/7a/16/cb391ee4b90186fa16d9ebcbe3ea96c71b8da3b0686386c8dcbcc3c67d44/lxml-6.1.1-cp310-cp310-manylinux_2_26_x86_64.manylinux_2_28_x86_64.whl", hash = "sha256:98fc784c2c1440667aeedf8465bdfe10208acf0ead656a2c68627299f546b315", size = 5287643, upload-time = "2026-05-18T19:17:11.507Z" },
    { url = "https://files.pythonhosted.org/packages/eb/d6/b619717f918fd76747448fdbaee0e769edbc70e659b5b5d0112b7020b7a3/lxml-6.1.1-cp310-cp310-manylinux_2_28_i686.whl", hash = "sha256:add8cf6ddf9a65116119a28ece0f7886e30af27ba724a7594305f1d1b58a92a1", size = 5412445, upload-time = "2026-05-18T19:17:22.182Z" },
    { url = "https://files.pythonhosted.org/packages/c6/80/12bc5390ac0a3edeb579d9535e5049a5dda663438728e179d52fb319c33a/lxml-6.1.1-cp310-cp310-manylinux_2_31_armv7l.whl", hash = "sha256:cf9d57306d848218f3601fee7601fab1a327c942d56e2e97610583cb4dd74206", size = 4770864, upload-time = "2026-05-18T19:17:26.851Z" },
    { url = "https://files.pythonhosted.org/packages/0b/59/6500c09da3137f54f020e908d81cfc5ee3e8888e908fd380207afad7c2e6/lxml-6.1.1-cp310-cp310-manylinux_2_38_riscv64.manylinux_2_39_riscv64.whl", hash = "sha256:88136950da4d13c318bde414ce10219931937851327f44328f2df4d2c4614067", size = 5359594, upload-time = "2026-05-18T19:17:32.527Z" },
    { url = "https://files.pythonhosted.org/packages/f2/9b/f64b4cc6b7ebcf75d95af3cde934d254b5f2f10d4163928d838d86b6eb48/lxml-6.1.1-cp310-cp310-musllinux_1_2_aarch64.whl", hash = "sha256:cecdd5dfdc87b1fd87dbf81d4b037a544f47f4c744200a67013771682d67686a", size = 5107713, upload-time = "2026-05-18T19:17:04.402Z" },
    { url = "https://files.pythonhosted.org/packages/16/19/c7388ad5d3a72315d2832dc1458cbf4f2af7f2b990b606ff4876efd04511/lxml-6.1.1-cp310-cp310-musllinux_1_2_armv7l.whl", hash = "sha256:cd312b9692e831d2ffcad61eab31d91d4b4655a962e61de8fb410472cbcd37aa", size = 4803973, upload-time = "2026-05-18T19:17:06.545Z" },
    { url = "https://files.pythonhosted.org/packages/3f/22/76197f0bbf165f0b9e75be59be4997e5259cde973f12f098c1b54c7f5d60/lxml-6.1.1-cp310-cp310-musllinux_1_2_riscv64.whl", hash = "sha256:5b7328b46d49fc9477d91ae8f6d55340347d827b7734ba3ea33faae0efef1383", size = 5349925, upload-time = "2026-05-18T19:17:09.743Z" },
    { url = "https://files.pythonhosted.org/packages/24/52/d2a0cfeccb9bcdc47c7ee05cdae5d69b48c9acf20997790a6338bb0d0b3b/lxml-6.1.1-cp310-cp310-musllinux_1_2_x86_64.whl", hash = "sha256:37a58976370f36d9329d118ad0b953c5aeb9119ac9c6a4e258942a225d0573a1", size = 5309825, upload-time = "2026-05-18T19:17:13.831Z" },
    { url = "https://files.pythonhosted.org/packages/19/4a/b30944266776c2f49749ef2445aa7e78898194134b80ad776386f61b56ae/lxml-6.1.1-cp310-cp310-win32.whl", hash = "sha256:cea3f4c1af79af13cdb2da0c028111d8f8522d4f22a000c82385535f24e5cf3a", size = 3598402, upload-time = "2026-05-18T19:17:08.21Z" },
    { url = "https://files.pythonhosted.org/packages/9e/97/33691c66a4d7ec1a5a98e7c909a5b83ee45c7f7ba4cf92b1c4cf26e98079/lxml-6.1.1-cp310-cp310-win_amd64.whl", hash = "sha256:3abf332af33a74288675d936fe861fd4344da0dd6622193fbc4f2bfbb35536b5", size = 4021295, upload-time = "2026-05-18T19:17:28.638Z" },
    { url = "https://files.pythonhosted.org/packages/d0/5f/26a4dd0e12b9456ff7b12a21af5b491eb6629680d1edd73f4140fd386bcf/lxml-6.1.1-cp310-cp310-win_arm64.whl", hash = "sha256:8dadbe5b217ff35b6a8d16610dd710219b59b76d13f0e3f0d9f36786206e4485", size = 3667717, upload-time = "2026-05-19T19:22:44.474Z" },
]

[[package]]
name = "markupsafe"
version = "3.0.3"
source = { registry = "https://pypi.org/simple" }
sdist = { url = "https://files.pythonhosted.org/packages/7e/99/7690b6d4034fffd95959cbe0c02de8deb3098cc577c67bb6a24fe5d7caa7/markupsafe-3.0.3.tar.gz", hash = "sha256:722695808f4b6457b320fdc131280796bdceb04ab50fe1795cd540799ebe1698", size = 80313, upload-time = "2025-09-27T18:37:40.426Z" }
wheels = [
    { url = "https://files.pythonhosted.org/packages/e8/4b/3541d44f3937ba468b75da9eebcae497dcf67adb65caa16760b0a6807ebb/markupsafe-3.0.3-cp310-cp310-macosx_10_9_x86_64.whl", hash = "sha256:2f981d352f04553a7171b8e44369f2af4055f888dfb147d55e42d29e29e74559", size = 11631, upload-time = "2025-09-27T18:36:05.558Z" },
    { url = "https://files.pythonhosted.org/packages/98/1b/fbd8eed11021cabd9226c37342fa6ca4e8a98d8188a8d9b66740494960e4/markupsafe-3.0.3-cp310-cp310-macosx_11_0_arm64.whl", hash = "sha256:e1c1493fb6e50ab01d20a22826e57520f1284df32f2d8601fdd90b6304601419", size = 12057, upload-time = "2025-09-27T18:36:07.165Z" },
    { url = "https://files.pythonhosted.org/packages/40/01/e560d658dc0bb8ab762670ece35281dec7b6c1b33f5fbc09ebb57a185519/markupsafe-3.0.3-cp310-cp310-manylinux2014_aarch64.manylinux_2_17_aarch64.manylinux_2_28_aarch64.whl", hash = "sha256:1ba88449deb3de88bd40044603fafffb7bc2b055d626a330323a9ed736661695", size = 22050, upload-time = "2025-09-27T18:36:08.005Z" },
    { url = "https://files.pythonhosted.org/packages/af/cd/ce6e848bbf2c32314c9b237839119c5a564a59725b53157c856e90937b7a/markupsafe-3.0.3-cp310-cp310-manylinux2014_x86_64.manylinux_2_17_x86_64.manylinux_2_28_x86_64.whl", hash = "sha256:f42d0984e947b8adf7dd6dde396e720934d12c506ce84eea8476409563607591", size = 20681, upload-time = "2025-09-27T18:36:08.881Z" },
    { url = "https://files.pythonhosted.org/packages/c9/2a/b5c12c809f1c3045c4d580b035a743d12fcde53cf685dbc44660826308da/markupsafe-3.0.3-cp310-cp310-manylinux_2_31_riscv64.manylinux_2_39_riscv64.whl", hash = "sha256:c0c0b3ade1c0b13b936d7970b1d37a57acde9199dc2aecc4c336773e1d86049c", size = 20705, upload-time = "2025-09-27T18:36:10.131Z" },
    { url = "https://files.pythonhosted.org/packages/cf/e3/9427a68c82728d0a88c50f890d0fc072a1484de2f3ac1ad0bfc1a7214fd5/markupsafe-3.0.3-cp310-cp310-musllinux_1_2_aarch64.whl", hash = "sha256:0303439a41979d9e74d18ff5e2dd8c43ed6c6001fd40e5bf2e43f7bd9bbc523f", size = 21524, upload-time = "2025-09-27T18:36:11.324Z" },
    { url = "https://files.pythonhosted.org/packages/bc/36/23578f29e9e582a4d0278e009b38081dbe363c5e7165113fad546918a232/markupsafe-3.0.3-cp310-cp310-musllinux_1_2_riscv64.whl", hash = "sha256:d2ee202e79d8ed691ceebae8e0486bd9a2cd4794cec4824e1c99b6f5009502f6", size = 20282, upload-time = "2025-09-27T18:36:12.573Z" },
    { url = "https://files.pythonhosted.org/packages/56/21/dca11354e756ebd03e036bd8ad58d6d7168c80ce1fe5e75218e4945cbab7/markupsafe-3.0.3-cp310-cp310-musllinux_1_2_x86_64.whl", hash = "sha256:177b5253b2834fe3678cb4a5f0059808258584c559193998be2601324fdeafb1", size = 20745, upload-time = "2025-09-27T18:36:13.504Z" },
    { url = "https://files.pythonhosted.org/packages/87/99/faba9369a7ad6e4d10b6a5fbf71fa2a188fe4a593b15f0963b73859a1bbd/markupsafe-3.0.3-cp310-cp310-win32.whl", hash = "sha256:2a15a08b17dd94c53a1da0438822d70ebcd13f8c3a95abe3a9ef9f11a94830aa", size = 14571, upload-time = "2025-09-27T18:36:14.779Z" },
    { url = "https://files.pythonhosted.org/packages/d6/25/55dc3ab959917602c96985cb1253efaa4ff42f71194bddeb61eb7278b8be/markupsafe-3.0.3-cp310-cp310-win_amd64.whl", hash = "sha256:c4ffb7ebf07cfe8931028e3e4c85f0357459a3f9f9490886198848f4fa002ec8", size = 15056, upload-time = "2025-09-27T18:36:16.125Z" },
    { url = "https://files.pythonhosted.org/packages/d0/9e/0a02226640c255d1da0b8d12e24ac2aa6734da68bff14c05dd53b94a0fc3/markupsafe-3.0.3-cp310-cp310-win_arm64.whl", hash = "sha256:e2103a929dfa2fcaf9bb4e7c091983a49c9ac3b19c9061b6d5427dd7d14d81a1", size = 13932, upload-time = "2025-09-27T18:36:17.311Z" },
]

[[package]]
name = "mysqlclient"
version = "2.1.1"
source = { registry = "https://pypi.org/simple" }
sdist = { url = "https://files.pythonhosted.org/packages/50/5f/eac919b88b9df39bbe4a855f136d58f80d191cfea34a3dcf96bf5d8ace0a/mysqlclient-2.1.1.tar.gz", hash = "sha256:828757e419fb11dd6c5ed2576ec92c3efaa93a0f7c39e263586d1ee779c3d782", size = 88138, upload-time = "2022-06-22T08:12:44.246Z" }
wheels = [
    { url = "https://files.pythonhosted.org/packages/9c/4b/ea487008d89731bcb80df55be2ed89c18dce927fd033ec4353d408d789ef/mysqlclient-2.1.1-cp310-cp310-win_amd64.whl", hash = "sha256:c1ed71bd6244993b526113cca3df66428609f90e4652f37eb51c33496d478b37", size = 178444, upload-time = "2022-06-22T08:12:35.112Z" },
]

[[package]]
name = "pillow"
version = "9.2.0"
source = { registry = "https://pypi.org/simple" }
sdist = { url = "https://files.pythonhosted.org/packages/8c/92/2975b464d9926dc667020ed1abfa6276e68c3571dcb77e43347e15ee9eed/Pillow-9.2.0.tar.gz", hash = "sha256:75e636fd3e0fb872693f23ccb8a5ff2cd578801251f3a4f6854c6a5d437d3c04", size = 50017840, upload-time = "2022-07-01T18:31:16.936Z" }
wheels = [
    { url = "https://files.pythonhosted.org/packages/d8/60/b13c00d403f34110e96c1b5c0afa73ce461efe3fe960c3a7e3e7fe190d82/Pillow-9.2.0-cp310-cp310-macosx_10_10_x86_64.whl", hash = "sha256:a9c9bc489f8ab30906d7a85afac4b4944a572a7432e00698a7239f44a44e6efb", size = 3141953, upload-time = "2022-07-01T18:28:52.815Z" },
    { url = "https://files.pythonhosted.org/packages/0c/5f/117b653cad585f3aedfe0de996c292e67d4b020ed77f652e5a6c8c24f908/Pillow-9.2.0-cp310-cp310-macosx_11_0_arm64.whl", hash = "sha256:510cef4a3f401c246cfd8227b300828715dd055463cdca6176c2e4036df8bd4f", size = 2785403, upload-time = "2022-07-01T18:28:56.343Z" },
    { url = "https://files.pythonhosted.org/packages/a7/ae/58aeb5d106ab220ac34abf367fc03f711a4621638c8573842939314d7fff/Pillow-9.2.0-cp310-cp310-manylinux_2_17_aarch64.manylinux2014_aarch64.whl", hash = "sha256:7888310f6214f19ab2b6df90f3f06afa3df7ef7355fc025e78a3044737fab1f5", size = 3027515, upload-time = "2022-07-01T18:28:58.357Z" },
    { url = "https://files.pythonhosted.org/packages/65/94/d4d2c7b148f2a9f7069325123d9ac9ae64aba2e2a908997f53082bf86908/Pillow-9.2.0-cp310-cp310-manylinux_2_17_i686.manylinux2014_i686.whl", hash = "sha256:831e648102c82f152e14c1a0938689dbb22480c548c8d4b8b248b3e50967b88c", size = 3202954, upload-time = "2022-07-01T18:29:00.824Z" },
    { url = "https://files.pythonhosted.org/packages/c4/ac/a50a4a11fe2120d3047b567f765afb54d6c57bad704e8c9759153b6359e4/Pillow-9.2.0-cp310-cp310-manylinux_2_17_x86_64.manylinux2014_x86_64.whl", hash = "sha256:1cc1d2451e8a3b4bfdb9caf745b58e6c7a77d2e469159b0d527a4554d73694d1", size = 3124297, upload-time = "2022-07-01T18:29:03.84Z" },
    { url = "https://files.pythonhosted.org/packages/d2/b9/4434959b8a2bdeccc5181b71d1377aeed352628fdf5c8a92f25868a0f2a0/Pillow-9.2.0-cp310-cp310-manylinux_2_28_aarch64.whl", hash = "sha256:136659638f61a251e8ed3b331fc6ccd124590eeff539de57c5f80ef3a9594e58", size = 3066888, upload-time = "2022-07-01T18:29:06.292Z" },
    { url = "https://files.pythonhosted.org/packages/f6/51/320986ebd6d46a0e95c2240468ced73153b691ce07617078bcdf30c609ec/Pillow-9.2.0-cp310-cp310-manylinux_2_28_x86_64.whl", hash = "sha256:6e8c66f70fb539301e064f6478d7453e820d8a2c631da948a23384865cd95544", size = 3168458, upload-time = "2022-07-01T18:29:08.78Z" },
    { url = "https://files.pythonhosted.org/packages/85/7f/8192ff7e5f79f05a637a8c4e697e24083fdc3c92f8f542b23180e49b6623/Pillow-9.2.0-cp310-cp310-musllinux_1_1_x86_64.whl", hash = "sha256:37ff6b522a26d0538b753f0b4e8e164fdada12db6c6f00f62145d732d8a3152e", size = 3225138, upload-time = "2022-07-01T18:29:11.18Z" },
    { url = "https://files.pythonhosted.org/packages/a8/f6/80e3a20fdce16457ad80e335af6b600ff24afc1949d0184465436257a973/Pillow-9.2.0-cp310-cp310-win32.whl", hash = "sha256:c79698d4cd9318d9481d89a77e2d3fcaeff5486be641e60a4b49f3d2ecca4e28", size = 2831891, upload-time = "2022-07-01T18:29:13.282Z" },
    { url = "https://files.pythonhosted.org/packages/02/55/67a3c17b9e7d972ed8c246f104da99ca4f3ea42fba566697e479011b84b6/Pillow-9.2.0-cp310-cp310-win_amd64.whl", hash = "sha256:254164c57bab4b459f14c64e93df11eff5ded575192c294a0c49270f22c5d93d", size = 3276402, upload-time = "2022-07-01T18:29:15.121Z" },
]

[[package]]
name = "python-docx"
version = "1.2.0"
source = { registry = "https://pypi.org/simple" }
dependencies = [
    { name = "lxml" },
    { name = "typing-extensions" },
]
sdist = { url = "https://files.pythonhosted.org/packages/a9/f7/eddfe33871520adab45aaa1a71f0402a2252050c14c7e3009446c8f4701c/python_docx-1.2.0.tar.gz", hash = "sha256:7bc9d7b7d8a69c9c02ca09216118c86552704edc23bac179283f2e38f86220ce", size = 5723256, upload-time = "2025-06-16T20:46:27.921Z" }
wheels = [
    { url = "https://files.pythonhosted.org/packages/d0/00/1e03a4989fa5795da308cd774f05b704ace555a70f9bf9d3be057b680bcf/python_docx-1.2.0-py3-none-any.whl", hash = "sha256:3fd478f3250fbbbfd3b94fe1e985955737c145627498896a8a6bf81f4baf66c7", size = 252987, upload-time = "2025-06-16T20:46:22.506Z" },
]

[[package]]
name = "python-dotenv"
version = "1.2.2"
source = { registry = "https://pypi.org/simple" }
sdist = { url = "https://files.pythonhosted.org/packages/82/ed/0301aeeac3e5353ef3d94b6ec08bbcabd04a72018415dcb29e588514bba8/python_dotenv-1.2.2.tar.gz", hash = "sha256:2c371a91fbd7ba082c2c1dc1f8bf89ca22564a087c2c287cd9b662adde799cf3", size = 50135, upload-time = "2026-03-01T16:00:26.196Z" }
wheels = [
    { url = "https://files.pythonhosted.org/packages/0b/d7/1959b9648791274998a9c3526f6d0ec8fd2233e4d4acce81bbae76b44b2a/python_dotenv-1.2.2-py3-none-any.whl", hash = "sha256:1d8214789a24de455a8b8bd8ae6fe3c6b69a5e3d64aa8a8e5d68e694bbcb285a", size = 22101, upload-time = "2026-03-01T16:00:25.09Z" },
]

[[package]]
name = "pyyaml"
version = "6.0.3"
source = { registry = "https://pypi.org/simple" }
sdist = { url = "https://files.pythonhosted.org/packages/05/8e/961c0007c59b8dd7729d542c61a4d537767a59645b82a0b521206e1e25c2/pyyaml-6.0.3.tar.gz", hash = "sha256:d76623373421df22fb4cf8817020cbb7ef15c725b9d5e45f17e189bfc384190f", size = 130960, upload-time = "2025-09-25T21:33:16.546Z" }
wheels = [
    { url = "https://files.pythonhosted.org/packages/f4/a0/39350dd17dd6d6c6507025c0e53aef67a9293a6d37d3511f23ea510d5800/pyyaml-6.0.3-cp310-cp310-macosx_10_13_x86_64.whl", hash = "sha256:214ed4befebe12df36bcc8bc2b64b396ca31be9304b8f59e25c11cf94a4c033b", size = 184227, upload-time = "2025-09-25T21:31:46.04Z" },
    { url = "https://files.pythonhosted.org/packages/05/14/52d505b5c59ce73244f59c7a50ecf47093ce4765f116cdb98286a71eeca2/pyyaml-6.0.3-cp310-cp310-macosx_11_0_arm64.whl", hash = "sha256:02ea2dfa234451bbb8772601d7b8e426c2bfa197136796224e50e35a78777956", size = 174019, upload-time = "2025-09-25T21:31:47.706Z" },
    { url = "https://files.pythonhosted.org/packages/43/f7/0e6a5ae5599c838c696adb4e6330a59f463265bfa1e116cfd1fbb0abaaae/pyyaml-6.0.3-cp310-cp310-manylinux2014_aarch64.manylinux_2_17_aarch64.manylinux_2_28_aarch64.whl", hash = "sha256:b30236e45cf30d2b8e7b3e85881719e98507abed1011bf463a8fa23e9c3e98a8", size = 740646, upload-time = "2025-09-25T21:31:49.21Z" },
    { url = "https://files.pythonhosted.org/packages/2f/3a/61b9db1d28f00f8fd0ae760459a5c4bf1b941baf714e207b6eb0657d2578/pyyaml-6.0.3-cp310-cp310-manylinux2014_s390x.manylinux_2_17_s390x.manylinux_2_28_s390x.whl", hash = "sha256:66291b10affd76d76f54fad28e22e51719ef9ba22b29e1d7d03d6777a9174198", size = 840793, upload-time = "2025-09-25T21:31:50.735Z" },
    { url = "https://files.pythonhosted.org/packages/7a/1e/7acc4f0e74c4b3d9531e24739e0ab832a5edf40e64fbae1a9c01941cabd7/pyyaml-6.0.3-cp310-cp310-manylinux2014_x86_64.manylinux_2_17_x86_64.manylinux_2_28_x86_64.whl", hash = "sha256:9c7708761fccb9397fe64bbc0395abcae8c4bf7b0eac081e12b809bf47700d0b", size = 770293, upload-time = "2025-09-25T21:31:51.828Z" },
    { url = "https://files.pythonhosted.org/packages/8b/ef/abd085f06853af0cd59fa5f913d61a8eab65d7639ff2a658d18a25d6a89d/pyyaml-6.0.3-cp310-cp310-musllinux_1_2_aarch64.whl", hash = "sha256:418cf3f2111bc80e0933b2cd8cd04f286338bb88bdc7bc8e6dd775ebde60b5e0", size = 732872, upload-time = "2025-09-25T21:31:53.282Z" },
    { url = "https://files.pythonhosted.org/packages/1f/15/2bc9c8faf6450a8b3c9fc5448ed869c599c0a74ba2669772b1f3a0040180/pyyaml-6.0.3-cp310-cp310-musllinux_1_2_x86_64.whl", hash = "sha256:5e0b74767e5f8c593e8c9b5912019159ed0533c70051e9cce3e8b6aa699fcd69", size = 758828, upload-time = "2025-09-25T21:31:54.807Z" },
    { url = "https://files.pythonhosted.org/packages/a3/00/531e92e88c00f4333ce359e50c19b8d1de9fe8d581b1534e35ccfbc5f393/pyyaml-6.0.3-cp310-cp310-win32.whl", hash = "sha256:28c8d926f98f432f88adc23edf2e6d4921ac26fb084b028c733d01868d19007e", size = 142415, upload-time = "2025-09-25T21:31:55.885Z" },
    { url = "https://files.pythonhosted.org/packages/2a/fa/926c003379b19fca39dd4634818b00dec6c62d87faf628d1394e137354d4/pyyaml-6.0.3-cp310-cp310-win_amd64.whl", hash = "sha256:bdb2c67c6c1390b63c6ff89f210c8fd09d9a1217a465701eac7316313c915e4c", size = 158561, upload-time = "2025-09-25T21:31:57.406Z" },
]

[[package]]
name = "referencing"
version = "0.37.0"
source = { registry = "https://pypi.org/simple" }
dependencies = [
    { name = "attrs" },
    { name = "rpds-py" },
    { name = "typing-extensions" },
]
sdist = { url = "https://files.pythonhosted.org/packages/22/f5/df4e9027acead3ecc63e50fe1e36aca1523e1719559c499951bb4b53188f/referencing-0.37.0.tar.gz", hash = "sha256:44aefc3142c5b842538163acb373e24cce6632bd54bdb01b21ad5863489f50d8", size = 78036, upload-time = "2025-10-13T15:30:48.871Z" }
wheels = [
    { url = "https://files.pythonhosted.org/packages/2c/58/ca301544e1fa93ed4f80d724bf5b194f6e4b945841c5bfd555878eea9fcb/referencing-0.37.0-py3-none-any.whl", hash = "sha256:381329a9f99628c9069361716891d34ad94af76e461dcb0335825aecc7692231", size = 26766, upload-time = "2025-10-13T15:30:47.625Z" },
]

[[package]]
name = "rpds-py"
version = "0.30.0"
source = { registry = "https://pypi.org/simple" }
sdist = { url = "https://files.pythonhosted.org/packages/20/af/3f2f423103f1113b36230496629986e0ef7e199d2aa8392452b484b38ced/rpds_py-0.30.0.tar.gz", hash = "sha256:dd8ff7cf90014af0c0f787eea34794ebf6415242ee1d6fa91eaba725cc441e84", size = 69469, upload-time = "2025-11-30T20:24:38.837Z" }
wheels = [
    { url = "https://files.pythonhosted.org/packages/06/0c/0c411a0ec64ccb6d104dcabe0e713e05e153a9a2c3c2bd2b32ce412166fe/rpds_py-0.30.0-cp310-cp310-macosx_10_12_x86_64.whl", hash = "sha256:679ae98e00c0e8d68a7fda324e16b90fd5260945b45d3b824c892cec9eea3288", size = 370490, upload-time = "2025-11-30T20:21:33.256Z" },
    { url = "https://files.pythonhosted.org/packages/19/6a/4ba3d0fb7297ebae71171822554abe48d7cab29c28b8f9f2c04b79988c05/rpds_py-0.30.0-cp310-cp310-macosx_11_0_arm64.whl", hash = "sha256:4cc2206b76b4f576934f0ed374b10d7ca5f457858b157ca52064bdfc26b9fc00", size = 359751, upload-time = "2025-11-30T20:21:34.591Z" },
    { url = "https://files.pythonhosted.org/packages/cd/7c/e4933565ef7f7a0818985d87c15d9d273f1a649afa6a52ea35ad011195ea/rpds_py-0.30.0-cp310-cp310-manylinux_2_17_aarch64.manylinux2014_aarch64.whl", hash = "sha256:389a2d49eded1896c3d48b0136ead37c48e221b391c052fba3f4055c367f60a6", size = 389696, upload-time = "2025-11-30T20:21:36.122Z" },
    { url = "https://files.pythonhosted.org/packages/5e/01/6271a2511ad0815f00f7ed4390cf2567bec1d4b1da39e2c27a41e6e3b4de/rpds_py-0.30.0-cp310-cp310-manylinux_2_17_armv7l.manylinux2014_armv7l.whl", hash = "sha256:32c8528634e1bf7121f3de08fa85b138f4e0dc47657866630611b03967f041d7", size = 403136, upload-time = "2025-11-30T20:21:37.728Z" },
    { url = "https://files.pythonhosted.org/packages/55/64/c857eb7cd7541e9b4eee9d49c196e833128a55b89a9850a9c9ac33ccf897/rpds_py-0.30.0-cp310-cp310-manylinux_2_17_ppc64le.manylinux2014_ppc64le.whl", hash = "sha256:f207f69853edd6f6700b86efb84999651baf3789e78a466431df1331608e5324", size = 524699, upload-time = "2025-11-30T20:21:38.92Z" },
    { url = "https://files.pythonhosted.org/packages/9c/ed/94816543404078af9ab26159c44f9e98e20fe47e2126d5d32c9d9948d10a/rpds_py-0.30.0-cp310-cp310-manylinux_2_17_s390x.manylinux2014_s390x.whl", hash = "sha256:67b02ec25ba7a9e8fa74c63b6ca44cf5707f2fbfadae3ee8e7494297d56aa9df", size = 412022, upload-time = "2025-11-30T20:21:40.407Z" },
    { url = "https://files.pythonhosted.org/packages/61/b5/707f6cf0066a6412aacc11d17920ea2e19e5b2f04081c64526eb35b5c6e7/rpds_py-0.30.0-cp310-cp310-manylinux_2_17_x86_64.manylinux2014_x86_64.whl", hash = "sha256:0c0e95f6819a19965ff420f65578bacb0b00f251fefe2c8b23347c37174271f3", size = 390522, upload-time = "2025-11-30T20:21:42.17Z" },
    { url = "https://files.pythonhosted.org/packages/13/4e/57a85fda37a229ff4226f8cbcf09f2a455d1ed20e802ce5b2b4a7f5ed053/rpds_py-0.30.0-cp310-cp310-manylinux_2_31_riscv64.whl", hash = "sha256:a452763cc5198f2f98898eb98f7569649fe5da666c2dc6b5ddb10fde5a574221", size = 404579, upload-time = "2025-11-30T20:21:43.769Z" },
    { url = "https://files.pythonhosted.org/packages/f9/da/c9339293513ec680a721e0e16bf2bac3db6e5d7e922488de471308349bba/rpds_py-0.30.0-cp310-cp310-manylinux_2_5_i686.manylinux1_i686.whl", hash = "sha256:e0b65193a413ccc930671c55153a03ee57cecb49e6227204b04fae512eb657a7", size = 421305, upload-time = "2025-11-30T20:21:44.994Z" },
    { url = "https://files.pythonhosted.org/packages/f9/be/522cb84751114f4ad9d822ff5a1aa3c98006341895d5f084779b99596e5c/rpds_py-0.30.0-cp310-cp310-musllinux_1_2_aarch64.whl", hash = "sha256:858738e9c32147f78b3ac24dc0edb6610000e56dc0f700fd5f651d0a0f0eb9ff", size = 572503, upload-time = "2025-11-30T20:21:46.91Z" },
    { url = "https://files.pythonhosted.org/packages/a2/9b/de879f7e7ceddc973ea6e4629e9b380213a6938a249e94b0cdbcc325bb66/rpds_py-0.30.0-cp310-cp310-musllinux_1_2_i686.whl", hash = "sha256:da279aa314f00acbb803da1e76fa18666778e8a8f83484fba94526da5de2cba7", size = 598322, upload-time = "2025-11-30T20:21:48.709Z" },
    { url = "https://files.pythonhosted.org/packages/48/ac/f01fc22efec3f37d8a914fc1b2fb9bcafd56a299edbe96406f3053edea5a/rpds_py-0.30.0-cp310-cp310-musllinux_1_2_x86_64.whl", hash = "sha256:7c64d38fb49b6cdeda16ab49e35fe0da2e1e9b34bc38bd78386530f218b37139", size = 560792, upload-time = "2025-11-30T20:21:50.024Z" },
    { url = "https://files.pythonhosted.org/packages/e2/da/4e2b19d0f131f35b6146425f846563d0ce036763e38913d917187307a671/rpds_py-0.30.0-cp310-cp310-win32.whl", hash = "sha256:6de2a32a1665b93233cde140ff8b3467bdb9e2af2b91079f0333a0974d12d464", size = 221901, upload-time = "2025-11-30T20:21:51.32Z" },
    { url = "https://files.pythonhosted.org/packages/96/cb/156d7a5cf4f78a7cc571465d8aec7a3c447c94f6749c5123f08438bcf7bc/rpds_py-0.30.0-cp310-cp310-win_amd64.whl", hash = "sha256:1726859cd0de969f88dc8673bdd954185b9104e05806be64bcd87badbe313169", size = 235823, upload-time = "2025-11-30T20:21:52.505Z" },
]

[[package]]
name = "six"
version = "1.17.0"
source = { registry = "https://pypi.org/simple" }
sdist = { url = "https://files.pythonhosted.org/packages/94/e7/b2c673351809dca68a0e064b6af791aa332cf192da575fd474ed7d6f16a2/six-1.17.0.tar.gz", hash = "sha256:ff70335d468e7eb6ec65b95b99d3a2836546063f63acc5171de367e834932a81", size = 34031, upload-time = "2024-12-04T17:35:28.174Z" }
wheels = [
    { url = "https://files.pythonhosted.org/packages/b7/ce/149a00dd41f10bc29e5921b496af8b574d8413afcd5e30dfa0ed46c2cc5e/six-1.17.0-py2.py3-none-any.whl", hash = "sha256:4721f391ed90541fddacab5acf947aa0d3dc7d27b2e1e8eda2be8970586c3274", size = 11050, upload-time = "2024-12-04T17:35:26.475Z" },
]

[[package]]
name = "soupsieve"
version = "2.8.4"
source = { registry = "https://pypi.org/simple" }
sdist = { url = "https://files.pythonhosted.org/packages/47/2c/0a5f6f8ee0d5589e48c7640213ed5175d52cf540a06725b628cc1a45d6ce/soupsieve-2.8.4.tar.gz", hash = "sha256:e121fd02e975c695e4e9e8774a5ee35d74714b59307868dcc5319ad2d9e3328e", size = 121110, upload-time = "2026-05-24T13:55:57.154Z" }
wheels = [
    { url = "https://files.pythonhosted.org/packages/5e/f5/0c41cb68dcae6b7de4fac4188a3a9589e21fb31df21ea3a2e888db95e6c9/soupsieve-2.8.4-py3-none-any.whl", hash = "sha256:e7e6b0769c8f51ed59acab6e994b00621096cfb1c640a7509295987388fbaf65", size = 37304, upload-time = "2026-05-24T13:55:55.406Z" },
]

[[package]]
name = "sqlparse"
version = "0.5.5"
source = { registry = "https://pypi.org/simple" }
sdist = { url = "https://files.pythonhosted.org/packages/90/76/437d71068094df0726366574cf3432a4ed754217b436eb7429415cf2d480/sqlparse-0.5.5.tar.gz", hash = "sha256:e20d4a9b0b8585fdf63b10d30066c7c94c5d7a7ec47c889a2d83a3caa93ff28e", size = 120815, upload-time = "2025-12-19T07:17:45.073Z" }
wheels = [
    { url = "https://files.pythonhosted.org/packages/49/4b/359f28a903c13438ef59ebeee215fb25da53066db67b305c125f1c6d2a25/sqlparse-0.5.5-py3-none-any.whl", hash = "sha256:12a08b3bf3eec877c519589833aed092e2444e68240a3577e8e26148acc7b1ba", size = 46138, upload-time = "2025-12-19T07:17:46.573Z" },
]

[[package]]
name = "typing-extensions"
version = "4.15.0"
source = { registry = "https://pypi.org/simple" }
sdist = { url = "https://files.pythonhosted.org/packages/72/94/1a15dd82efb362ac84269196e94cf00f187f7ed21c242792a923cdb1c61f/typing_extensions-4.15.0.tar.gz", hash = "sha256:0cea48d173cc12fa28ecabc3b837ea3cf6f38c6d1136f85cbaaf598984861466", size = 109391, upload-time = "2025-08-25T13:49:26.313Z" }
wheels = [
    { url = "https://files.pythonhosted.org/packages/18/67/36e9267722cc04a6b9f15c7f3441c2363321a3ea07da7ae0c0707beb2a9c/typing_extensions-4.15.0-py3-none-any.whl", hash = "sha256:f0fa19c6845758ab08074a0cfa8b7aecb71c999ca73d62883bc25cc018c4e548", size = 44614, upload-time = "2025-08-25T13:49:24.86Z" },
]

[[package]]
name = "tzdata"
version = "2026.2"
source = { registry = "https://pypi.org/simple" }
sdist = { url = "https://files.pythonhosted.org/packages/ba/19/1b9b0e29f30c6d35cb345486df41110984ea67ae69dddbc0e8a100999493/tzdata-2026.2.tar.gz", hash = "sha256:9173fde7d80d9018e02a662e168e5a2d04f87c41ea174b139fbef642eda62d10", size = 198254, upload-time = "2026-04-24T15:22:08.651Z" }
wheels = [
    { url = "https://files.pythonhosted.org/packages/ce/e4/dccd7f47c4b64213ac01ef921a1337ee6e30e8c6466046018326977efd95/tzdata-2026.2-py2.py3-none-any.whl", hash = "sha256:bbe9af844f658da81a5f95019480da3a89415801f6cc966806612cc7169bffe7", size = 349321, upload-time = "2026-04-24T15:22:05.876Z" },
]

[[package]]
name = "uritemplate"
version = "4.2.0"
source = { registry = "https://pypi.org/simple" }
sdist = { url = "https://files.pythonhosted.org/packages/98/60/f174043244c5306c9988380d2cb10009f91563fc4b31293d27e17201af56/uritemplate-4.2.0.tar.gz", hash = "sha256:480c2ed180878955863323eea31b0ede668795de182617fef9c6ca09e6ec9d0e", size = 33267, upload-time = "2025-06-02T15:12:06.318Z" }
wheels = [
    { url = "https://files.pythonhosted.org/packages/a9/99/3ae339466c9183ea5b8ae87b34c0b897eda475d2aec2307cae60e5cd4f29/uritemplate-4.2.0-py3-none-any.whl", hash = "sha256:962201ba1c4edcab02e60f9a0d3821e82dfc5d2d6662a21abd533879bdb8a686", size = 11488, upload-time = "2025-06-02T15:12:03.405Z" },
]
